
Microsoft Visual Studio Solution File, Format Version 12.00
# Visual Studio 15
VisualStudioVersion = 15.0.28307.271
MinimumVisualStudioVersion = 10.0.40219.1
Project("{FAE04EC0-301F-11D3-BF4B-00C04F79EFBC}") = "testgithub", "testgithub\testgithub.csproj", "{73113965-49CE-4E45-A50F-FF4C40C16077}"
EndProject
Global
	GlobalSection(SolutionConfigurationPlatforms) = preSolution
		Debug|Any CPU = Debug|Any CPU
		Release|Any CPU = Release|Any CPU
	EndGlobalSection
	GlobalSection(ProjectConfigurationPlatforms) = postSolution
		{73113965-49CE-4E45-A50F-FF4C40C16077}.Debug|Any CPU.ActiveCfg = Debug|Any CPU
		{73113965-49CE-4E45-A50F-FF4C40C16077}.Debug|Any CPU.Build.0 = Debug|Any CPU
		{73113965-49CE-4E45-A50F-FF4C40C16077}.Release|Any CPU.ActiveCfg = Release|Any CPU
		{73113965-49CE-4E45-A50F-FF4C40C16077}.Release|Any CPU.Build.0 = Release|Any CPU
	EndGlobalSection
	GlobalSection(SolutionProperties) = preSolution
		HideSolutionNode = FALSE
	EndGlobalSection
	GlobalSection(ExtensibilityGlobals) = postSolution
		SolutionGuid = {D8FA89F5-BCD0-483E-ADB2-53094E4A2579}
	EndGlobalSection
EndGlobal
